
Microsoft Visual Studio Solution File, Format Version 12.00
# Visual Studio 15
VisualStudioVersion = 15.0.26730.12
MinimumVisualStudioVersion = 10.0.40219.1
Project("{FAE04EC0-301F-11D3-BF4B-00C04F79EFBC}") = "dbShowDepends", "dbShowDepends.csproj", "{1A6C0507-AE5A-40EC-B8C1-C2FA95C73969}"
EndProject
Global
	GlobalSection(SolutionConfigurationPlatforms) = preSolution
		Debug|Any CPU = Debug|Any CPU
		Debug|x86 = Debug|x86
		Release|Any CPU = Release|Any CPU
		Release|x86 = Release|x86
	EndGlobalSection
	GlobalSection(ProjectConfigurationPlatforms) = postSolution
		{1A6C0507-AE5A-40EC-B8C1-C2FA95C73969}.Debug|Any CPU.ActiveCfg = Debug|x86
		{1A6C0507-AE5A-40EC-B8C1-C2FA95C73969}.Debug|Any CPU.Build.0 = Debug|x86
		{1A6C0507-AE5A-40EC-B8C1-C2FA95C73969}.Debug|x86.ActiveCfg = Debug|x86
		{1A6C0507-AE5A-40EC-B8C1-C2FA95C73969}.Debug|x86.Build.0 = Debug|x86
		{1A6C0507-AE5A-40EC-B8C1-C2FA95C73969}.Release|Any CPU.ActiveCfg = Release|x86
		{1A6C0507-AE5A-40EC-B8C1-C2FA95C73969}.Release|x86.ActiveCfg = Release|x86
		{1A6C0507-AE5A-40EC-B8C1-C2FA95C73969}.Release|x86.Build.0 = Release|x86
	EndGlobalSection
	GlobalSection(SolutionProperties) = preSolution
		HideSolutionNode = FALSE
	EndGlobalSection
	GlobalSection(ExtensibilityGlobals) = postSolution
		SolutionGuid = {E5E2B72E-202F-4C78-A2BC-6A9A5C0D168C}
	EndGlobalSection
EndGlobal
